
Microsoft Visual Studio Solution File, Format Version 12.00
# Visual Studio 15
VisualStudioVersion = 15.0.26124.0
MinimumVisualStudioVersion = 15.0.26124.0
Project("{FAE04EC0-301F-11D3-BF4B-00C04F79EFBC}") = "IronBeard.Core", "IronBeard.Core\IronBeard.Core.csproj", "{FFDAD410-F41A-4183-A314-F482A77AC2A6}"
EndProject
Project("{FAE04EC0-301F-11D3-BF4B-00C04F79EFBC}") = "IronBeard.Tests", "IronBeard.Tests\IronBeard.Tests.csproj", "{B83ADDE2-BBDA-430E-AB23-7ED71159B695}"
EndProject
Project("{FAE04EC0-301F-11D3-BF4B-00C04F79EFBC}") = "IronBeard.Cli", "IronBeard.Cli\IronBeard.Cli.csproj", "{1B0F42CE-8AC2-4D8A-A9D4-DE619E14A9AC}"
EndProject
Global
	GlobalSection(SolutionConfigurationPlatforms) = preSolution
		Debug|Any CPU = Debug|Any CPU
		Debug|x64 = Debug|x64
		Debug|x86 = Debug|x86
		Release|Any CPU = Release|Any CPU
		Release|x64 = Release|x64
		Release|x86 = Release|x86
	EndGlobalSection
	GlobalSection(SolutionProperties) = preSolution
		HideSolutionNode = FALSE
	EndGlobalSection
	GlobalSection(ProjectConfigurationPlatforms) = postSolution
		{FFDAD410-F41A-4183-A314-F482A77AC2A6}.Debug|Any CPU.ActiveCfg = Debug|Any CPU
		{FFDAD410-F41A-4183-A314-F482A77AC2A6}.Debug|Any CPU.Build.0 = Debug|Any CPU
		{FFDAD410-F41A-4183-A314-F482A77AC2A6}.Debug|x64.ActiveCfg = Debug|Any CPU
		{FFDAD410-F41A-4183-A314-F482A77AC2A6}.Debug|x64.Build.0 = Debug|Any CPU
		{FFDAD410-F41A-4183-A314-F482A77AC2A6}.Debug|x86.ActiveCfg = Debug|Any CPU
		{FFDAD410-F41A-4183-A314-F482A77AC2A6}.Debug|x86.Build.0 = Debug|Any CPU
		{FFDAD410-F41A-4183-A314-F482A77AC2A6}.Release|Any CPU.ActiveCfg = Release|Any CPU
		{FFDAD410-F41A-4183-A314-F482A77AC2A6}.Release|Any CPU.Build.0 = Release|Any CPU
		{FFDAD410-F41A-4183-A314-F482A77AC2A6}.Release|x64.ActiveCfg = Release|Any CPU
		{FFDAD410-F41A-4183-A314-F482A77AC2A6}.Release|x64.Build.0 = Release|Any CPU
		{FFDAD410-F41A-4183-A314-F482A77AC2A6}.Release|x86.ActiveCfg = Release|Any CPU
		{FFDAD410-F41A-4183-A314-F482A77AC2A6}.Release|x86.Build.0 = Release|Any CPU
		{B83ADDE2-BBDA-430E-AB23-7ED71159B695}.Debug|Any CPU.ActiveCfg = Debug|Any CPU
		{B83ADDE2-BBDA-430E-AB23-7ED71159B695}.Debug|Any CPU.Build.0 = Debug|Any CPU
		{B83ADDE2-BBDA-430E-AB23-7ED71159B695}.Debug|x64.ActiveCfg = Debug|Any CPU
		{B83ADDE2-BBDA-430E-AB23-7ED71159B695}.Debug|x64.Build.0 = Debug|Any CPU
		{B83ADDE2-BBDA-430E-AB23-7ED71159B695}.Debug|x86.ActiveCfg = Debug|Any CPU
		{B83ADDE2-BBDA-430E-AB23-7ED71159B695}.Debug|x86.Build.0 = Debug|Any CPU
		{B83ADDE2-BBDA-430E-AB23-7ED71159B695}.Release|Any CPU.ActiveCfg = Release|Any CPU
		{B83ADDE2-BBDA-430E-AB23-7ED71159B695}.Release|Any CPU.Build.0 = Release|Any CPU
		{B83ADDE2-BBDA-430E-AB23-7ED71159B695}.Release|x64.ActiveCfg = Release|Any CPU
		{B83ADDE2-BBDA-430E-AB23-7ED71159B695}.Release|x64.Build.0 = Release|Any CPU
		{B83ADDE2-BBDA-430E-AB23-7ED71159B695}.Release|x86.ActiveCfg = Release|Any CPU
		{B83ADDE2-BBDA-430E-AB23-7ED71159B695}.Release|x86.Build.0 = Release|Any CPU
		{1B0F42CE-8AC2-4D8A-A9D4-DE619E14A9AC}.Debug|Any CPU.ActiveCfg = Debug|Any CPU
		{1B0F42CE-8AC2-4D8A-A9D4-DE619E14A9AC}.Debug|Any CPU.Build.0 = Debug|Any CPU
		{1B0F42CE-8AC2-4D8A-A9D4-DE619E14A9AC}.Debug|x64.ActiveCfg = Debug|Any CPU
		{1B0F42CE-8AC2-4D8A-A9D4-DE619E14A9AC}.Debug|x64.Build.0 = Debug|Any CPU
		{1B0F42CE-8AC2-4D8A-A9D4-DE619E14A9AC}.Debug|x86.ActiveCfg = Debug|Any CPU
		{1B0F42CE-8AC2-4D8A-A9D4-DE619E14A9AC}.Debug|x86.Build.0 = Debug|Any CPU
		{1B0F42CE-8AC2-4D8A-A9D4-DE619E14A9AC}.Release|Any CPU.ActiveCfg = Release|Any CPU
		{1B0F42CE-8AC2-4D8A-A9D4-DE619E14A9AC}.Release|Any CPU.Build.0 = Release|Any CPU
		{1B0F42CE-8AC2-4D8A-A9D4-DE619E14A9AC}.Release|x64.ActiveCfg = Release|Any CPU
		{1B0F42CE-8AC2-4D8A-A9D4-DE619E14A9AC}.Release|x64.Build.0 = Release|Any CPU
		{1B0F42CE-8AC2-4D8A-A9D4-DE619E14A9AC}.Release|x86.ActiveCfg = Release|Any CPU
		{1B0F42CE-8AC2-4D8A-A9D4-DE619E14A9AC}.Release|x86.Build.0 = Release|Any CPU
	EndGlobalSection
EndGlobal
